// !$*UTF8*$!
{
	archiveVersion = 1;
	classes = {
	};
	objectVersion = 56;
	objects = {

/* Begin PBXBuildFile section */
		C2A8010D292C1DE300579A25 /* AddressItem.swift in Sources */ = {isa = PBXBuildFile; fileRef = C2A8010C292C1DE300579A25 /* AddressItem.swift */; };
		C2A80110292C431700579A25 /* AddButton.swift in Sources */ = {isa = PBXBuildFile; fileRef = C2A8010F292C431700579A25 /* AddButton.swift */; };
		C2D7AA8D292EB0E70035B3EF /* IntyMap.swift in Sources */ = {isa = PBXBuildFile; fileRef = C2D7AA8C292EB0E70035B3EF /* IntyMap.swift */; };
		C2D7AA90292EB59B0035B3EF /* LocationManager.swift in Sources */ = {isa = PBXBuildFile; fileRef = C2D7AA8F292EB59B0035B3EF /* LocationManager.swift */; };
		C2D7AA93292EC02B0035B3EF /* MKCoordinateRegion+Extensions.swift in Sources */ = {isa = PBXBuildFile; fileRef = C2D7AA92292EC02B0035B3EF /* MKCoordinateRegion+Extensions.swift */; };
		C2D7AA96292ED4200035B3EF /* LocalSearchService.swift in Sources */ = {isa = PBXBuildFile; fileRef = C2D7AA95292ED4200035B3EF /* LocalSearchService.swift */; };
		C2D7AA98292ED6A70035B3EF /* Landmark.swift in Sources */ = {isa = PBXBuildFile; fileRef = C2D7AA97292ED6A70035B3EF /* Landmark.swift */; };
		C2D7AA9A292EDF490035B3EF /* LandmarkListView.swift in Sources */ = {isa = PBXBuildFile; fileRef = C2D7AA99292EDF490035B3EF /* LandmarkListView.swift */; };
		C2F41B8B292986C10004CF91 /* intyApp.swift in Sources */ = {isa = PBXBuildFile; fileRef = C2F41B8A292986C10004CF91 /* intyApp.swift */; };
		C2F41B8D292986C10004CF91 /* ContentView.swift in Sources */ = {isa = PBXBuildFile; fileRef = C2F41B8C292986C10004CF91 /* ContentView.swift */; };
		C2F41B8F292986C40004CF91 /* Assets.xcassets in Resources */ = {isa = PBXBuildFile; fileRef = C2F41B8E292986C40004CF91 /* Assets.xcassets */; };
		C2F41B92292986C40004CF91 /* Preview Assets.xcassets in Resources */ = {isa = PBXBuildFile; fileRef = C2F41B91292986C40004CF91 /* Preview Assets.xcassets */; };
		C2F41B9C292986C40004CF91 /* intyTests.swift in Sources */ = {isa = PBXBuildFile; fileRef = C2F41B9B292986C40004CF91 /* intyTests.swift */; };
		C2F41BA6292986C40004CF91 /* intyUITests.swift in Sources */ = {isa = PBXBuildFile; fileRef = C2F41BA5292986C40004CF91 /* intyUITests.swift */; };
		C2F41BA8292986C40004CF91 /* intyUITestsLaunchTests.swift in Sources */ = {isa = PBXBuildFile; fileRef = C2F41BA7292986C40004CF91 /* intyUITestsLaunchTests.swift */; };
		C2F41BD0292BFA4E0004CF91 /* Navigation.swift in Sources */ = {isa = PBXBuildFile; fileRef = C2F41BCF292BFA4D0004CF91 /* Navigation.swift */; };
		C2F41BD2292BFCDE0004CF91 /* RideSharing.swift in Sources */ = {isa = PBXBuildFile; fileRef = C2F41BD1292BFCDE0004CF91 /* RideSharing.swift */; };
		C2F41BD4292BFD0B0004CF91 /* SmartCar.swift in Sources */ = {isa = PBXBuildFile; fileRef = C2F41BD3292BFD0B0004CF91 /* SmartCar.swift */; };
		C2F41BD7292C0E530004CF91 /* Address.swift in Sources */ = {isa = PBXBuildFile; fileRef = C2F41BD6292C0E530004CF91 /* Address.swift */; };
/* End PBXBuildFile section */

/* Begin PBXContainerItemProxy section */
		C2F41B98292986C40004CF91 /* PBXContainerItemProxy */ = {
			isa = PBXContainerItemProxy;
			containerPortal = C2F41B7F292986C10004CF91 /* Project object */;
			proxyType = 1;
			remoteGlobalIDString = C2F41B86292986C10004CF91;
			remoteInfo = inty;
		};
		C2F41BA2292986C40004CF91 /* PBXContainerItemProxy */ = {
			isa = PBXContainerItemProxy;
			containerPortal = C2F41B7F292986C10004CF91 /* Project object */;
			proxyType = 1;
			remoteGlobalIDString = C2F41B86292986C10004CF91;
			remoteInfo = inty;
		};
/* End PBXContainerItemProxy section */

/* Begin PBXFileReference section */
		C2A8010C292C1DE300579A25 /* AddressItem.swift */ = {isa = PBXFileReference; lastKnownFileType = sourcecode.swift; path = AddressItem.swift; sourceTree = "<group>"; };
		C2A8010F292C431700579A25 /* AddButton.swift */ = {isa = PBXFileReference; lastKnownFileType = sourcecode.swift; path = AddButton.swift; sourceTree = "<group>"; };
		C2D7AA8C292EB0E70035B3EF /* IntyMap.swift */ = {isa = PBXFileReference; lastKnownFileType = sourcecode.swift; path = IntyMap.swift; sourceTree = "<group>"; };
		C2D7AA8F292EB59B0035B3EF /* LocationManager.swift */ = {isa = PBXFileReference; lastKnownFileType = sourcecode.swift; path = LocationManager.swift; sourceTree = "<group>"; };
		C2D7AA92292EC02B0035B3EF /* MKCoordinateRegion+Extensions.swift */ = {isa = PBXFileReference; lastKnownFileType = sourcecode.swift; path = "MKCoordinateRegion+Extensions.swift"; sourceTree = "<group>"; };
		C2D7AA95292ED4200035B3EF /* LocalSearchService.swift */ = {isa = PBXFileReference; lastKnownFileType = sourcecode.swift; path = LocalSearchService.swift; sourceTree = "<group>"; };
		C2D7AA97292ED6A70035B3EF /* Landmark.swift */ = {isa = PBXFileReference; lastKnownFileType = sourcecode.swift; path = Landmark.swift; sourceTree = "<group>"; };
		C2D7AA99292EDF490035B3EF /* LandmarkListView.swift */ = {isa = PBXFileReference; lastKnownFileType = sourcecode.swift; path = LandmarkListView.swift; sourceTree = "<group>"; };
		C2F41B87292986C10004CF91 /* inty.app */ = {isa = PBXFileReference; explicitFileType = wrapper.application; includeInIndex = 0; path = inty.app; sourceTree = BUILT_PRODUCTS_DIR; };
		C2F41B8A292986C10004CF91 /* intyApp.swift */ = {isa = PBXFileReference; lastKnownFileType = sourcecode.swift; path = intyApp.swift; sourceTree = "<group>"; };
		C2F41B8C292986C10004CF91 /* ContentView.swift */ = {isa = PBXFileReference; lastKnownFileType = sourcecode.swift; path = ContentView.swift; sourceTree = "<group>"; };
		C2F41B8E292986C40004CF91 /* Assets.xcassets */ = {isa = PBXFileReference; lastKnownFileType = folder.assetcatalog; path = Assets.xcassets; sourceTree = "<group>"; };
		C2F41B91292986C40004CF91 /* Preview Assets.xcassets */ = {isa = PBXFileReference; lastKnownFileType = folder.assetcatalog; path = "Preview Assets.xcassets"; sourceTree = "<group>"; };
		C2F41B97292986C40004CF91 /* intyTests.xctest */ = {isa = PBXFileReference; explicitFileType = wrapper.cfbundle; includeInIndex = 0; path = intyTests.xctest; sourceTree = BUILT_PRODUCTS_DIR; };
		C2F41B9B292986C40004CF91 /* intyTests.swift */ = {isa = PBXFileReference; lastKnownFileType = sourcecode.swift; path = intyTests.swift; sourceTree = "<group>"; };
		C2F41BA1292986C40004CF91 /* intyUITests.xctest */ = {isa = PBXFileReference; explicitFileType = wrapper.cfbundle; includeInIndex = 0; path = intyUITests.xctest; sourceTree = BUILT_PRODUCTS_DIR; };
		C2F41BA5292986C40004CF91 /* intyUITests.swift */ = {isa = PBXFileReference; lastKnownFileType = sourcecode.swift; path = intyUITests.swift; sourceTree = "<group>"; };
		C2F41BA7292986C40004CF91 /* intyUITestsLaunchTests.swift */ = {isa = PBXFileReference; lastKnownFileType = sourcecode.swift; path = intyUITestsLaunchTests.swift; sourceTree = "<group>"; };
		C2F41BCF292BFA4D0004CF91 /* Navigation.swift */ = {isa = PBXFileReference; lastKnownFileType = sourcecode.swift; path = Navigation.swift; sourceTree = "<group>"; };
		C2F41BD1292BFCDE0004CF91 /* RideSharing.swift */ = {isa = PBXFileReference; lastKnownFileType = sourcecode.swift; path = RideSharing.swift; sourceTree = "<group>"; };
		C2F41BD3292BFD0B0004CF91 /* SmartCar.swift */ = {isa = PBXFileReference; lastKnownFileType = sourcecode.swift; path = SmartCar.swift; sourceTree = "<group>"; };
		C2F41BD6292C0E530004CF91 /* Address.swift */ = {isa = PBXFileReference; lastKnownFileType = sourcecode.swift; path = Address.swift; sourceTree = "<group>"; };
/* End PBXFileReference section */

/* Begin PBXFrameworksBuildPhase section */
		C2F41B84292986C10004CF91 /* Frameworks */ = {
			isa = PBXFrameworksBuildPhase;
			buildActionMask = 2147483647;
			files = (
			);
			runOnlyForDeploymentPostprocessing = 0;
		};
		C2F41B94292986C40004CF91 /* Frameworks */ = {
			isa = PBXFrameworksBuildPhase;
			buildActionMask = 2147483647;
			files = (
			);
			runOnlyForDeploymentPostprocessing = 0;
		};
		C2F41B9E292986C40004CF91 /* Frameworks */ = {
			isa = PBXFrameworksBuildPhase;
			buildActionMask = 2147483647;
			files = (
			);
			runOnlyForDeploymentPostprocessing = 0;
		};
/* End PBXFrameworksBuildPhase section */

/* Begin PBXGroup section */
		C2A8010E292C42C400579A25 /* structs */ = {
			isa = PBXGroup;
			children = (
				C2A8010F292C431700579A25 /* AddButton.swift */,
			);
			path = structs;
			sourceTree = "<group>";
		};
		C2D7AA8E292EB57B0035B3EF /* managers */ = {
			isa = PBXGroup;
			children = (
				C2D7AA8F292EB59B0035B3EF /* LocationManager.swift */,
			);
			path = managers;
			sourceTree = "<group>";
		};
		C2D7AA91292EBF810035B3EF /* extensions */ = {
			isa = PBXGroup;
			children = (
				C2D7AA92292EC02B0035B3EF /* MKCoordinateRegion+Extensions.swift */,
			);
			path = extensions;
			sourceTree = "<group>";
		};
		C2D7AA94292ED3E60035B3EF /* services */ = {
			isa = PBXGroup;
			children = (
				C2D7AA95292ED4200035B3EF /* LocalSearchService.swift */,
			);
			path = services;
			sourceTree = "<group>";
		};
		C2F41B7E292986C10004CF91 = {
			isa = PBXGroup;
			children = (
				C2F41B89292986C10004CF91 /* inty */,
				C2F41B9A292986C40004CF91 /* intyTests */,
				C2F41BA4292986C40004CF91 /* intyUITests */,
				C2F41B88292986C10004CF91 /* Products */,
			);
			sourceTree = "<group>";
		};
		C2F41B88292986C10004CF91 /* Products */ = {
			isa = PBXGroup;
			children = (
				C2F41B87292986C10004CF91 /* inty.app */,
				C2F41B97292986C40004CF91 /* intyTests.xctest */,
				C2F41BA1292986C40004CF91 /* intyUITests.xctest */,
			);
			name = Products;
			sourceTree = "<group>";
		};
		C2F41B89292986C10004CF91 /* inty */ = {
			isa = PBXGroup;
			children = (
				C2D7AA94292ED3E60035B3EF /* services */,
				C2D7AA91292EBF810035B3EF /* extensions */,
				C2D7AA8E292EB57B0035B3EF /* managers */,
				C2A8010E292C42C400579A25 /* structs */,
				C2F41BD5292C0C990004CF91 /* items */,
				C2F41BCE292BFA0B0004CF91 /* views */,
				C2F41B8A292986C10004CF91 /* intyApp.swift */,
				C2F41B8C292986C10004CF91 /* ContentView.swift */,
				C2F41B8E292986C40004CF91 /* Assets.xcassets */,
				C2F41B90292986C40004CF91 /* Preview Content */,
			);
			path = inty;
			sourceTree = "<group>";
		};
		C2F41B90292986C40004CF91 /* Preview Content */ = {
			isa = PBXGroup;
			children = (
				C2F41B91292986C40004CF91 /* Preview Assets.xcassets */,
			);
			path = "Preview Content";
			sourceTree = "<group>";
		};
		C2F41B9A292986C40004CF91 /* intyTests */ = {
			isa = PBXGroup;
			children = (
				C2F41B9B292986C40004CF91 /* intyTests.swift */,
			);
			path = intyTests;
			sourceTree = "<group>";
		};
		C2F41BA4292986C40004CF91 /* intyUITests */ = {
			isa = PBXGroup;
			children = (
				C2F41BA5292986C40004CF91 /* intyUITests.swift */,
				C2F41BA7292986C40004CF91 /* intyUITestsLaunchTests.swift */,
			);
			path = intyUITests;
			sourceTree = "<group>";
		};
		C2F41BCE292BFA0B0004CF91 /* views */ = {
			isa = PBXGroup;
			children = (
				C2F41BCF292BFA4D0004CF91 /* Navigation.swift */,
				C2F41BD1292BFCDE0004CF91 /* RideSharing.swift */,
				C2F41BD3292BFD0B0004CF91 /* SmartCar.swift */,
				C2F41BD6292C0E530004CF91 /* Address.swift */,
				C2D7AA8C292EB0E70035B3EF /* IntyMap.swift */,
				C2D7AA99292EDF490035B3EF /* LandmarkListView.swift */,
			);
			path = views;
			sourceTree = "<group>";
		};
		C2F41BD5292C0C990004CF91 /* items */ = {
			isa = PBXGroup;
			children = (
				C2A8010C292C1DE300579A25 /* AddressItem.swift */,
				C2D7AA97292ED6A70035B3EF /* Landmark.swift */,
			);
			path = items;
			sourceTree = "<group>";
		};
/* End PBXGroup section */

/* Begin PBXNativeTarget section */
		C2F41B86292986C10004CF91 /* inty */ = {
			isa = PBXNativeTarget;
			buildConfigurationList = C2F41BAB292986C40004CF91 /* Build configuration list for PBXNativeTarget "inty" */;
			buildPhases = (
				C2F41B83292986C10004CF91 /* Sources */,
				C2F41B84292986C10004CF91 /* Frameworks */,
				C2F41B85292986C10004CF91 /* Resources */,
			);
			buildRules = (
			);
			dependencies = (
			);
			name = inty;
			productName = inty;
			productReference = C2F41B87292986C10004CF91 /* inty.app */;
			productType = "com.apple.product-type.application";
		};
		C2F41B96292986C40004CF91 /* intyTests */ = {
			isa = PBXNativeTarget;
			buildConfigurationList = C2F41BAE292986C40004CF91 /* Build configuration list for PBXNativeTarget "intyTests" */;
			buildPhases = (
				C2F41B93292986C40004CF91 /* Sources */,
				C2F41B94292986C40004CF91 /* Frameworks */,
				C2F41B95292986C40004CF91 /* Resources */,
			);
			buildRules = (
			);
			dependencies = (
				C2F41B99292986C40004CF91 /* PBXTargetDependency */,
			);
			name = intyTests;
			productName = intyTests;
			productReference = C2F41B97292986C40004CF91 /* intyTests.xctest */;
			productType = "com.apple.product-type.bundle.unit-test";
		};
		C2F41BA0292986C40004CF91 /* intyUITests */ = {
			isa = PBXNativeTarget;
			buildConfigurationList = C2F41BB1292986C40004CF91 /* Build configuration list for PBXNativeTarget "intyUITests" */;
			buildPhases = (
				C2F41B9D292986C40004CF91 /* Sources */,
				C2F41B9E292986C40004CF91 /* Frameworks */,
				C2F41B9F292986C40004CF91 /* Resources */,
			);
			buildRules = (
			);
			dependencies = (
				C2F41BA3292986C40004CF91 /* PBXTargetDependency */,
			);
			name = intyUITests;
			productName = intyUITests;
			productReference = C2F41BA1292986C40004CF91 /* intyUITests.xctest */;
			productType = "com.apple.product-type.bundle.ui-testing";
		};
/* End PBXNativeTarget section */

/* Begin PBXProject section */
		C2F41B7F292986C10004CF91 /* Project object */ = {
			isa = PBXProject;
			attributes = {
				BuildIndependentTargetsInParallel = 1;
				LastSwiftUpdateCheck = 1410;
				LastUpgradeCheck = 1410;
				TargetAttributes = {
					C2F41B86292986C10004CF91 = {
						CreatedOnToolsVersion = 14.1;
					};
					C2F41B96292986C40004CF91 = {
						CreatedOnToolsVersion = 14.1;
						TestTargetID = C2F41B86292986C10004CF91;
					};
					C2F41BA0292986C40004CF91 = {
						CreatedOnToolsVersion = 14.1;
						TestTargetID = C2F41B86292986C10004CF91;
					};
				};
			};
			buildConfigurationList = C2F41B82292986C10004CF91 /* Build configuration list for PBXProject "inty" */;
			compatibilityVersion = "Xcode 14.0";
			developmentRegion = en;
			hasScannedForEncodings = 0;
			knownRegions = (
				en,
				Base,
			);
			mainGroup = C2F41B7E292986C10004CF91;
			productRefGroup = C2F41B88292986C10004CF91 /* Products */;
			projectDirPath = "";
			projectRoot = "";
			targets = (
				C2F41B86292986C10004CF91 /* inty */,
				C2F41B96292986C40004CF91 /* intyTests */,
				C2F41BA0292986C40004CF91 /* intyUITests */,
			);
		};
/* End PBXProject section */

/* Begin PBXResourcesBuildPhase section */
		C2F41B85292986C10004CF91 /* Resources */ = {
			isa = PBXResourcesBuildPhase;
			buildActionMask = 2147483647;
			files = (
				C2F41B92292986C40004CF91 /* Preview Assets.xcassets in Resources */,
				C2F41B8F292986C40004CF91 /* Assets.xcassets in Resources */,
			);
			runOnlyForDeploymentPostprocessing = 0;
		};
		C2F41B95292986C40004CF91 /* Resources */ = {
			isa = PBXResourcesBuildPhase;
			buildActionMask = 2147483647;
			files = (
			);
			runOnlyForDeploymentPostprocessing = 0;
		};
		C2F41B9F292986C40004CF91 /* Resources */ = {
			isa = PBXResourcesBuildPhase;
			buildActionMask = 2147483647;
			files = (
			);
			runOnlyForDeploymentPostprocessing = 0;
		};
/* End PBXResourcesBuildPhase section */

/* Begin PBXSourcesBuildPhase section */
		C2F41B83292986C10004CF91 /* Sources */ = {
			isa = PBXSourcesBuildPhase;
			buildActionMask = 2147483647;
			files = (
				C2D7AA98292ED6A70035B3EF /* Landmark.swift in Sources */,
				C2F41BD7292C0E530004CF91 /* Address.swift in Sources */,
				C2D7AA96292ED4200035B3EF /* LocalSearchService.swift in Sources */,
				C2F41BD2292BFCDE0004CF91 /* RideSharing.swift in Sources */,
				C2D7AA90292EB59B0035B3EF /* LocationManager.swift in Sources */,
				C2A8010D292C1DE300579A25 /* AddressItem.swift in Sources */,
				C2D7AA93292EC02B0035B3EF /* MKCoordinateRegion+Extensions.swift in Sources */,
				C2F41B8D292986C10004CF91 /* ContentView.swift in Sources */,
				C2F41BD0292BFA4E0004CF91 /* Navigation.swift in Sources */,
				C2A80110292C431700579A25 /* AddButton.swift in Sources */,
				C2F41BD4292BFD0B0004CF91 /* SmartCar.swift in Sources */,
				C2F41B8B292986C10004CF91 /* intyApp.swift in Sources */,
				C2D7AA9A292EDF490035B3EF /* LandmarkListView.swift in Sources */,
				C2D7AA8D292EB0E70035B3EF /* IntyMap.swift in Sources */,
			);
			runOnlyForDeploymentPostprocessing = 0;
		};
		C2F41B93292986C40004CF91 /* Sources */ = {
			isa = PBXSourcesBuildPhase;
			buildActionMask = 2147483647;
			files = (
				C2F41B9C292986C40004CF91 /* intyTests.swift in Sources */,
			);
			runOnlyForDeploymentPostprocessing = 0;
		};
		C2F41B9D292986C40004CF91 /* Sources */ = {
			isa = PBXSourcesBuildPhase;
			buildActionMask = 2147483647;
			files = (
				C2F41BA8292986C40004CF91 /* intyUITestsLaunchTests.swift in Sources */,
				C2F41BA6292986C40004CF91 /* intyUITests.swift in Sources */,
			);
			runOnlyForDeploymentPostprocessing = 0;
		};
/* End PBXSourcesBuildPhase section */

/* Begin PBXTargetDependency section */
		C2F41B99292986C40004CF91 /* PBXTargetDependency */ = {
			isa = PBXTargetDependency;
			target = C2F41B86292986C10004CF91 /* inty */;
			targetProxy = C2F41B98292986C40004CF91 /* PBXContainerItemProxy */;
		};
		C2F41BA3292986C40004CF91 /* PBXTargetDependency */ = {
			isa = PBXTargetDependency;
			target = C2F41B86292986C10004CF91 /* inty */;
			targetProxy = C2F41BA2292986C40004CF91 /* PBXContainerItemProxy */;
		};
/* End PBXTargetDependency section */

/* Begin XCBuildConfiguration section */
		C2F41BA9292986C40004CF91 /* Debug */ = {
			isa = XCBuildConfiguration;
			buildSettings = {
				ALWAYS_SEARCH_USER_PATHS = NO;
				CLANG_ANALYZER_NONNULL = YES;
				CLANG_ANALYZER_NUMBER_OBJECT_CONVERSION = YES_AGGRESSIVE;
				CLANG_CXX_LANGUAGE_STANDARD = "gnu++20";
				CLANG_ENABLE_MODULES = YES;
				CLANG_ENABLE_OBJC_ARC = YES;
				CLANG_ENABLE_OBJC_WEAK = YES;
				CLANG_WARN_BLOCK_CAPTURE_AUTORELEASING = YES;
				CLANG_WARN_BOOL_CONVERSION = YES;
				CLANG_WARN_COMMA = YES;
				CLANG_WARN_CONSTANT_CONVERSION = YES;
				CLANG_WARN_DEPRECATED_OBJC_IMPLEMENTATIONS = YES;
				CLANG_WARN_DIRECT_OBJC_ISA_USAGE = YES_ERROR;
				CLANG_WARN_DOCUMENTATION_COMMENTS = YES;
				CLANG_WARN_EMPTY_BODY = YES;
				CLANG_WARN_ENUM_CONVERSION = YES;
				CLANG_WARN_INFINITE_RECURSION = YES;
				CLANG_WARN_INT_CONVERSION = YES;
				CLANG_WARN_NON_LITERAL_NULL_CONVERSION = YES;
				CLANG_WARN_OBJC_IMPLICIT_RETAIN_SELF = YES;
				CLANG_WARN_OBJC_LITERAL_CONVERSION = YES;
				CLANG_WARN_OBJC_ROOT_CLASS = YES_ERROR;
				CLANG_WARN_QUOTED_INCLUDE_IN_FRAMEWORK_HEADER = YES;
				CLANG_WARN_RANGE_LOOP_ANALYSIS = YES;
				CLANG_WARN_STRICT_PROTOTYPES = YES;
				CLANG_WARN_SUSPICIOUS_MOVE = YES;
				CLANG_WARN_UNGUARDED_AVAILABILITY = YES_AGGRESSIVE;
				CLANG_WARN_UNREACHABLE_CODE = YES;
				CLANG_WARN__DUPLICATE_METHOD_MATCH = YES;
				COPY_PHASE_STRIP = NO;
				DEBUG_INFORMATION_FORMAT = dwarf;
				ENABLE_STRICT_OBJC_MSGSEND = YES;
				ENABLE_TESTABILITY = YES;
				GCC_C_LANGUAGE_STANDARD = gnu11;
				GCC_DYNAMIC_NO_PIC = NO;
				GCC_NO_COMMON_BLOCKS = YES;
				GCC_OPTIMIZATION_LEVEL = 0;
				GCC_PREPROCESSOR_DEFINITIONS = (
					"DEBUG=1",
					"$(inherited)",
				);
				GCC_WARN_64_TO_32_BIT_CONVERSION = YES;
				GCC_WARN_ABOUT_RETURN_TYPE = YES_ERROR;
				GCC_WARN_UNDECLARED_SELECTOR = YES;
				GCC_WARN_UNINITIALIZED_AUTOS = YES_AGGRESSIVE;
				GCC_WARN_UNUSED_FUNCTION = YES;
				GCC_WARN_UNUSED_VARIABLE = YES;
				IPHONEOS_DEPLOYMENT_TARGET = 16.1;
				MTL_ENABLE_DEBUG_INFO = INCLUDE_SOURCE;
				MTL_FAST_MATH = YES;
				ONLY_ACTIVE_ARCH = YES;
				SDKROOT = iphoneos;
				SWIFT_ACTIVE_COMPILATION_CONDITIONS = DEBUG;
				SWIFT_OPTIMIZATION_LEVEL = "-Onone";
			};
			name = Debug;
		};
		C2F41BAA292986C40004CF91 /* Release */ = {
			isa = XCBuildConfiguration;
			buildSettings = {
				ALWAYS_SEARCH_USER_PATHS = NO;
				CLANG_ANALYZER_NONNULL = YES;
				CLANG_ANALYZER_NUMBER_OBJECT_CONVERSION = YES_AGGRESSIVE;
				CLANG_CXX_LANGUAGE_STANDARD = "gnu++20";
				CLANG_ENABLE_MODULES = YES;
				CLANG_ENABLE_OBJC_ARC = YES;
				CLANG_ENABLE_OBJC_WEAK = YES;
				CLANG_WARN_BLOCK_CAPTURE_AUTORELEASING = YES;
				CLANG_WARN_BOOL_CONVERSION = YES;
				CLANG_WARN_COMMA = YES;
				CLANG_WARN_CONSTANT_CONVERSION = YES;
				CLANG_WARN_DEPRECATED_OBJC_IMPLEMENTATIONS = YES;
				CLANG_WARN_DIRECT_OBJC_ISA_USAGE = YES_ERROR;
				CLANG_WARN_DOCUMENTATION_COMMENTS = YES;
				CLANG_WARN_EMPTY_BODY = YES;
				CLANG_WARN_ENUM_CONVERSION = YES;
				CLANG_WARN_INFINITE_RECURSION = YES;
				CLANG_WARN_INT_CONVERSION = YES;
				CLANG_WARN_NON_LITERAL_NULL_CONVERSION = YES;
				CLANG_WARN_OBJC_IMPLICIT_RETAIN_SELF = YES;
				CLANG_WARN_OBJC_LITERAL_CONVERSION = YES;
				CLANG_WARN_OBJC_ROOT_CLASS = YES_ERROR;
				CLANG_WARN_QUOTED_INCLUDE_IN_FRAMEWORK_HEADER = YES;
				CLANG_WARN_RANGE_LOOP_ANALYSIS = YES;
				CLANG_WARN_STRICT_PROTOTYPES = YES;
				CLANG_WARN_SUSPICIOUS_MOVE = YES;
				CLANG_WARN_UNGUARDED_AVAILABILITY = YES_AGGRESSIVE;
				CLANG_WARN_UNREACHABLE_CODE = YES;
				CLANG_WARN__DUPLICATE_METHOD_MATCH = YES;
				COPY_PHASE_STRIP = NO;
				DEBUG_INFORMATION_FORMAT = "dwarf-with-dsym";
				ENABLE_NS_ASSERTIONS = NO;
				ENABLE_STRICT_OBJC_MSGSEND = YES;
				GCC_C_LANGUAGE_STANDARD = gnu11;
				GCC_NO_COMMON_BLOCKS = YES;
				GCC_WARN_64_TO_32_BIT_CONVERSION = YES;
				GCC_WARN_ABOUT_RETURN_TYPE = YES_ERROR;
				GCC_WARN_UNDECLARED_SELECTOR = YES;
				GCC_WARN_UNINITIALIZED_AUTOS = YES_AGGRESSIVE;
				GCC_WARN_UNUSED_FUNCTION = YES;
				GCC_WARN_UNUSED_VARIABLE = YES;
				IPHONEOS_DEPLOYMENT_TARGET = 16.1;
				MTL_ENABLE_DEBUG_INFO = NO;
				MTL_FAST_MATH = YES;
				SDKROOT = iphoneos;
				SWIFT_COMPILATION_MODE = wholemodule;
				SWIFT_OPTIMIZATION_LEVEL = "-O";
				VALIDATE_PRODUCT = YES;
			};
			name = Release;
		};
		C2F41BAC292986C40004CF91 /* Debug */ = {
			isa = XCBuildConfiguration;
			buildSettings = {
				ASSETCATALOG_COMPILER_APPICON_NAME = AppIcon;
				ASSETCATALOG_COMPILER_GLOBAL_ACCENT_COLOR_NAME = AccentColor;
				CODE_SIGN_STYLE = Automatic;
				CURRENT_PROJECT_VERSION = 1;
				DEVELOPMENT_ASSET_PATHS = "\"inty/Preview Content\"";
				DEVELOPMENT_TEAM = U3CV36K67M;
				ENABLE_PREVIEWS = YES;
				GENERATE_INFOPLIST_FILE = YES;
				INFOPLIST_KEY_NSLocationAlwaysAndWhenInUseUsageDescription = "This App requires your location";
				INFOPLIST_KEY_NSLocationWhenInUseUsageDescription = "This App requires your location";
				INFOPLIST_KEY_UIApplicationSceneManifest_Generation = YES;
				INFOPLIST_KEY_UIApplicationSupportsIndirectInputEvents = YES;
				INFOPLIST_KEY_UILaunchScreen_Generation = YES;
				INFOPLIST_KEY_UISupportedInterfaceOrientations_iPad = "UIInterfaceOrientationPortrait UIInterfaceOrientationPortraitUpsideDown UIInterfaceOrientationLandscapeLeft UIInterfaceOrientationLandscapeRight";
				INFOPLIST_KEY_UISupportedInterfaceOrientations_iPhone = "UIInterfaceOrientationPortrait UIInterfaceOrientationLandscapeLeft UIInterfaceOrientationLandscapeRight";
				LD_RUNPATH_SEARCH_PATHS = (
					"$(inherited)",
					"@executable_path/Frameworks",
				);
				MARKETING_VERSION = 1.0;
				PRODUCT_BUNDLE_IDENTIFIER = "com.creative-ones.inty";
				PRODUCT_NAME = "$(TARGET_NAME)";
				SWIFT_EMIT_LOC_STRINGS = YES;
				SWIFT_VERSION = 5.0;
				TARGETED_DEVICE_FAMILY = "1,2";
			};
			name = Debug;
		};
		C2F41BAD292986C40004CF91 /* Release */ = {
			isa = XCBuildConfiguration;
			buildSettings = {
				ASSETCATALOG_COMPILER_APPICON_NAME = AppIcon;
				ASSETCATALOG_COMPILER_GLOBAL_ACCENT_COLOR_NAME = AccentColor;
				CODE_SIGN_STYLE = Automatic;
				CURRENT_PROJECT_VERSION = 1;
				DEVELOPMENT_ASSET_PATHS = "\"inty/Preview Content\"";
				DEVELOPMENT_TEAM = U3CV36K67M;
				ENABLE_PREVIEWS = YES;
				GENERATE_INFOPLIST_FILE = YES;
				INFOPLIST_KEY_NSLocationAlwaysAndWhenInUseUsageDescription = "This App requires your location";
				INFOPLIST_KEY_NSLocationWhenInUseUsageDescription = "This App requires your location";
				INFOPLIST_KEY_UIApplicationSceneManifest_Generation = YES;
				INFOPLIST_KEY_UIApplicationSupportsIndirectInputEvents = YES;
				INFOPLIST_KEY_UILaunchScreen_Generation = YES;
				INFOPLIST_KEY_UISupportedInterfaceOrientations_iPad = "UIInterfaceOrientationPortrait UIInterfaceOrientationPortraitUpsideDown UIInterfaceOrientationLandscapeLeft UIInterfaceOrientationLandscapeRight";
				INFOPLIST_KEY_UISupportedInterfaceOrientations_iPhone = "UIInterfaceOrientationPortrait UIInterfaceOrientationLandscapeLeft UIInterfaceOrientationLandscapeRight";
				LD_RUNPATH_SEARCH_PATHS = (
					"$(inherited)",
					"@executable_path/Frameworks",
				);
				MARKETING_VERSION = 1.0;
				PRODUCT_BUNDLE_IDENTIFIER = "com.creative-ones.inty";
				PRODUCT_NAME = "$(TARGET_NAME)";
				SWIFT_EMIT_LOC_STRINGS = YES;
				SWIFT_VERSION = 5.0;
				TARGETED_DEVICE_FAMILY = "1,2";
			};
			name = Release;
		};
		C2F41BAF292986C40004CF91 /* Debug */ = {
			isa = XCBuildConfiguration;
			buildSettings = {
				ALWAYS_EMBED_SWIFT_STANDARD_LIBRARIES = YES;
				BUNDLE_LOADER = "$(TEST_HOST)";
				CODE_SIGN_STYLE = Automatic;
				CURRENT_PROJECT_VERSION = 1;
				DEVELOPMENT_TEAM = U3CV36K67M;
				GENERATE_INFOPLIST_FILE = YES;
				IPHONEOS_DEPLOYMENT_TARGET = 16.1;
				MARKETING_VERSION = 1.0;
				PRODUCT_BUNDLE_IDENTIFIER = "com.creative-ones.intyTests";
				PRODUCT_NAME = "$(TARGET_NAME)";
				SWIFT_EMIT_LOC_STRINGS = NO;
				SWIFT_VERSION = 5.0;
				TARGETED_DEVICE_FAMILY = "1,2";
				TEST_HOST = "$(BUILT_PRODUCTS_DIR)/inty.app/$(BUNDLE_EXECUTABLE_FOLDER_PATH)/inty";
			};
			name = Debug;
		};
		C2F41BB0292986C40004CF91 /* Release */ = {
			isa = XCBuildConfiguration;
			buildSettings = {
				ALWAYS_EMBED_SWIFT_STANDARD_LIBRARIES = YES;
				BUNDLE_LOADER = "$(TEST_HOST)";
				CODE_SIGN_STYLE = Automatic;
				CURRENT_PROJECT_VERSION = 1;
				DEVELOPMENT_TEAM = U3CV36K67M;
				GENERATE_INFOPLIST_FILE = YES;
				IPHONEOS_DEPLOYMENT_TARGET = 16.1;
				MARKETING_VERSION = 1.0;
				PRODUCT_BUNDLE_IDENTIFIER = "com.creative-ones.intyTests";
				PRODUCT_NAME = "$(TARGET_NAME)";
				SWIFT_EMIT_LOC_STRINGS = NO;
				SWIFT_VERSION = 5.0;
				TARGETED_DEVICE_FAMILY = "1,2";
				TEST_HOST = "$(BUILT_PRODUCTS_DIR)/inty.app/$(BUNDLE_EXECUTABLE_FOLDER_PATH)/inty";
			};
			name = Release;
		};
		C2F41BB2292986C40004CF91 /* Debug */ = {
			isa = XCBuildConfiguration;
			buildSettings = {
				ALWAYS_EMBED_SWIFT_STANDARD_LIBRARIES = YES;
				CODE_SIGN_STYLE = Automatic;
				CURRENT_PROJECT_VERSION = 1;
				DEVELOPMENT_TEAM = U3CV36K67M;
				GENERATE_INFOPLIST_FILE = YES;
				MARKETING_VERSION = 1.0;
				PRODUCT_BUNDLE_IDENTIFIER = "com.creative-ones.intyUITests";
				PRODUCT_NAME = "$(TARGET_NAME)";
				SWIFT_EMIT_LOC_STRINGS = NO;
				SWIFT_VERSION = 5.0;
				TARGETED_DEVICE_FAMILY = "1,2";
				TEST_TARGET_NAME = inty;
			};
			name = Debug;
		};
		C2F41BB3292986C40004CF91 /* Release */ = {
			isa = XCBuildConfiguration;
			buildSettings = {
				ALWAYS_EMBED_SWIFT_STANDARD_LIBRARIES = YES;
				CODE_SIGN_STYLE = Automatic;
				CURRENT_PROJECT_VERSION = 1;
				DEVELOPMENT_TEAM = U3CV36K67M;
				GENERATE_INFOPLIST_FILE = YES;
				MARKETING_VERSION = 1.0;
				PRODUCT_BUNDLE_IDENTIFIER = "com.creative-ones.intyUITests";
				PRODUCT_NAME = "$(TARGET_NAME)";
				SWIFT_EMIT_LOC_STRINGS = NO;
				SWIFT_VERSION = 5.0;
				TARGETED_DEVICE_FAMILY = "1,2";
				TEST_TARGET_NAME = inty;
			};
			name = Release;
		};
/* End XCBuildConfiguration section */

/* Begin XCConfigurationList section */
		C2F41B82292986C10004CF91 /* Build configuration list for PBXProject "inty" */ = {
			isa = XCConfigurationList;
			buildConfigurations = (
				C2F41BA9292986C40004CF91 /* Debug */,
				C2F41BAA292986C40004CF91 /* Release */,
			);
			defaultConfigurationIsVisible = 0;
			defaultConfigurationName = Release;
		};
		C2F41BAB292986C40004CF91 /* Build configuration list for PBXNativeTarget "inty" */ = {
			isa = XCConfigurationList;
			buildConfigurations = (
				C2F41BAC292986C40004CF91 /* Debug */,
				C2F41BAD292986C40004CF91 /* Release */,
			);
			defaultConfigurationIsVisible = 0;
			defaultConfigurationName = Release;
		};
		C2F41BAE292986C40004CF91 /* Build configuration list for PBXNativeTarget "intyTests" */ = {
			isa = XCConfigurationList;
			buildConfigurations = (
				C2F41BAF292986C40004CF91 /* Debug */,
				C2F41BB0292986C40004CF91 /* Release */,
			);
			defaultConfigurationIsVisible = 0;
			defaultConfigurationName = Release;
		};
		C2F41BB1292986C40004CF91 /* Build configuration list for PBXNativeTarget "intyUITests" */ = {
			isa = XCConfigurationList;
			buildConfigurations = (
				C2F41BB2292986C40004CF91 /* Debug */,
				C2F41BB3292986C40004CF91 /* Release */,
			);
			defaultConfigurationIsVisible = 0;
			defaultConfigurationName = Release;
		};
/* End XCConfigurationList section */
	};
	rootObject = C2F41B7F292986C10004CF91 /* Project object */;
}
